// !$*UTF8*$!
{
	archiveVersion = 1;
	classes = {
	};
	objectVersion = 50;
	objects = {

/* Begin PBXBuildFile section */
		FCD14E7322EF61670068C033 /* AppDelegate.swift in Sources */ = {isa = PBXBuildFile; fileRef = FCD14E7222EF61670068C033 /* AppDelegate.swift */; };
		FCD14E7822EF61670068C033 /* Main.storyboard in Resources */ = {isa = PBXBuildFile; fileRef = FCD14E7622EF61670068C033 /* Main.storyboard */; };
		FCD14E7A22EF616A0068C033 /* Assets.xcassets in Resources */ = {isa = PBXBuildFile; fileRef = FCD14E7922EF616A0068C033 /* Assets.xcassets */; };
		FCD14E7D22EF616A0068C033 /* LaunchScreen.storyboard in Resources */ = {isa = PBXBuildFile; fileRef = FCD14E7B22EF616A0068C033 /* LaunchScreen.storyboard */; };
		FCD14E8522EF8EAF0068C033 /* Player.swift in Sources */ = {isa = PBXBuildFile; fileRef = FCD14E8422EF8EAF0068C033 /* Player.swift */; };
		FCD14E8722EFA15C0068C033 /* Hierarchy.swift in Sources */ = {isa = PBXBuildFile; fileRef = FCD14E8622EFA15C0068C033 /* Hierarchy.swift */; };
		FCD14E8922EFB9140068C033 /* PlayerFetcherController.swift in Sources */ = {isa = PBXBuildFile; fileRef = FCD14E8822EFB9140068C033 /* PlayerFetcherController.swift */; };
		FCD14E8B22EFBC250068C033 /* PlayerTableViewController.swift in Sources */ = {isa = PBXBuildFile; fileRef = FCD14E8A22EFBC250068C033 /* PlayerTableViewController.swift */; };
		FCD14E8F22F1E2CE0068C033 /* Team.swift in Sources */ = {isa = PBXBuildFile; fileRef = FCD14E8E22F1E2CE0068C033 /* Team.swift */; };
		FCD14E9222F3366A0068C033 /* PlayerDetailViewController.swift in Sources */ = {isa = PBXBuildFile; fileRef = FCD14E9122F3366A0068C033 /* PlayerDetailViewController.swift */; };
/* End PBXBuildFile section */

/* Begin PBXFileReference section */
		FCD14E6F22EF61670068C033 /* RoundBallUp.app */ = {isa = PBXFileReference; explicitFileType = wrapper.application; includeInIndex = 0; path = RoundBallUp.app; sourceTree = BUILT_PRODUCTS_DIR; };
		FCD14E7222EF61670068C033 /* AppDelegate.swift */ = {isa = PBXFileReference; lastKnownFileType = sourcecode.swift; path = AppDelegate.swift; sourceTree = "<group>"; };
		FCD14E7722EF61670068C033 /* Base */ = {isa = PBXFileReference; lastKnownFileType = file.storyboard; name = Base; path = Base.lproj/Main.storyboard; sourceTree = "<group>"; };
		FCD14E7922EF616A0068C033 /* Assets.xcassets */ = {isa = PBXFileReference; lastKnownFileType = folder.assetcatalog; path = Assets.xcassets; sourceTree = "<group>"; };
		FCD14E7C22EF616A0068C033 /* Base */ = {isa = PBXFileReference; lastKnownFileType = file.storyboard; name = Base; path = Base.lproj/LaunchScreen.storyboard; sourceTree = "<group>"; };
		FCD14E7E22EF616A0068C033 /* Info.plist */ = {isa = PBXFileReference; lastKnownFileType = text.plist.xml; path = Info.plist; sourceTree = "<group>"; };
		FCD14E8422EF8EAF0068C033 /* Player.swift */ = {isa = PBXFileReference; lastKnownFileType = sourcecode.swift; name = Player.swift; path = ../Player.swift; sourceTree = "<group>"; };
		FCD14E8622EFA15C0068C033 /* Hierarchy.swift */ = {isa = PBXFileReference; lastKnownFileType = sourcecode.swift; name = Hierarchy.swift; path = ../Hierarchy.swift; sourceTree = "<group>"; };
		FCD14E8822EFB9140068C033 /* PlayerFetcherController.swift */ = {isa = PBXFileReference; lastKnownFileType = sourcecode.swift; name = PlayerFetcherController.swift; path = ../PlayerFetcherController.swift; sourceTree = "<group>"; };
		FCD14E8A22EFBC250068C033 /* PlayerTableViewController.swift */ = {isa = PBXFileReference; lastKnownFileType = sourcecode.swift; name = PlayerTableViewController.swift; path = ../PlayerTableViewController.swift; sourceTree = "<group>"; };
		FCD14E8E22F1E2CE0068C033 /* Team.swift */ = {isa = PBXFileReference; lastKnownFileType = sourcecode.swift; path = Team.swift; sourceTree = "<group>"; };
		FCD14E9122F3366A0068C033 /* PlayerDetailViewController.swift */ = {isa = PBXFileReference; lastKnownFileType = sourcecode.swift; path = PlayerDetailViewController.swift; sourceTree = "<group>"; };
/* End PBXFileReference section */

/* Begin PBXFrameworksBuildPhase section */
		FCD14E6C22EF61670068C033 /* Frameworks */ = {
			isa = PBXFrameworksBuildPhase;
			buildActionMask = 2147483647;
			files = (
			);
			runOnlyForDeploymentPostprocessing = 0;
		};
/* End PBXFrameworksBuildPhase section */

/* Begin PBXGroup section */
		FCD14E6622EF61670068C033 = {
			isa = PBXGroup;
			children = (
				FCD14E7122EF61670068C033 /* RoundBallUp */,
				FCD14E7022EF61670068C033 /* Products */,
			);
			sourceTree = "<group>";
		};
		FCD14E7022EF61670068C033 /* Products */ = {
			isa = PBXGroup;
			children = (
				FCD14E6F22EF61670068C033 /* RoundBallUp.app */,
			);
			name = Products;
			sourceTree = "<group>";
		};
		FCD14E7122EF61670068C033 /* RoundBallUp */ = {
			isa = PBXGroup;
			children = (
				FCD14E7222EF61670068C033 /* AppDelegate.swift */,
				FCD14E9022F224400068C033 /* New Group2 */,
				FCD14E7622EF61670068C033 /* Main.storyboard */,
				FCD14E8D22F1E0950068C033 /* New Group1 */,
				FCD14E8C22F1E0800068C033 /* New Group */,
				FCD14E7922EF616A0068C033 /* Assets.xcassets */,
				FCD14E7B22EF616A0068C033 /* LaunchScreen.storyboard */,
				FCD14E7E22EF616A0068C033 /* Info.plist */,
			);
			path = RoundBallUp;
			sourceTree = "<group>";
		};
		FCD14E8C22F1E0800068C033 /* New Group */ = {
			isa = PBXGroup;
			children = (
				FCD14E8422EF8EAF0068C033 /* Player.swift */,
				FCD14E8E22F1E2CE0068C033 /* Team.swift */,
				FCD14E8622EFA15C0068C033 /* Hierarchy.swift */,
			);
			path = "New Group";
			sourceTree = "<group>";
		};
		FCD14E8D22F1E0950068C033 /* New Group1 */ = {
			isa = PBXGroup;
			children = (
				FCD14E8822EFB9140068C033 /* PlayerFetcherController.swift */,
			);
			path = "New Group1";
			sourceTree = "<group>";
		};
		FCD14E9022F224400068C033 /* New Group2 */ = {
			isa = PBXGroup;
			children = (
				FCD14E9122F3366A0068C033 /* PlayerDetailViewController.swift */,
				FCD14E8A22EFBC250068C033 /* PlayerTableViewController.swift */,
			);
			path = "New Group2";
			sourceTree = "<group>";
		};
/* End PBXGroup section */

/* Begin PBXNativeTarget section */
		FCD14E6E22EF61670068C033 /* RoundBallUp */ = {
			isa = PBXNativeTarget;
			buildConfigurationList = FCD14E8122EF616A0068C033 /* Build configuration list for PBXNativeTarget "RoundBallUp" */;
			buildPhases = (
				FCD14E6B22EF61670068C033 /* Sources */,
				FCD14E6C22EF61670068C033 /* Frameworks */,
				FCD14E6D22EF61670068C033 /* Resources */,
			);
			buildRules = (
			);
			dependencies = (
			);
			name = RoundBallUp;
			productName = RoundBallUp;
			productReference = FCD14E6F22EF61670068C033 /* RoundBallUp.app */;
			productType = "com.apple.product-type.application";
		};
/* End PBXNativeTarget section */

/* Begin PBXProject section */
		FCD14E6722EF61670068C033 /* Project object */ = {
			isa = PBXProject;
			attributes = {
				LastSwiftUpdateCheck = 1020;
				LastUpgradeCheck = 1020;
				ORGANIZATIONNAME = johnpitts;
				TargetAttributes = {
					FCD14E6E22EF61670068C033 = {
						CreatedOnToolsVersion = 10.2.1;
					};
				};
			};
			buildConfigurationList = FCD14E6A22EF61670068C033 /* Build configuration list for PBXProject "RoundBallUp" */;
			compatibilityVersion = "Xcode 9.3";
			developmentRegion = en;
			hasScannedForEncodings = 0;
			knownRegions = (
				en,
				Base,
			);
			mainGroup = FCD14E6622EF61670068C033;
			productRefGroup = FCD14E7022EF61670068C033 /* Products */;
			projectDirPath = "";
			projectRoot = "";
			targets = (
				FCD14E6E22EF61670068C033 /* RoundBallUp */,
			);
		};
/* End PBXProject section */

/* Begin PBXResourcesBuildPhase section */
		FCD14E6D22EF61670068C033 /* Resources */ = {
			isa = PBXResourcesBuildPhase;
			buildActionMask = 2147483647;
			files = (
				FCD14E7D22EF616A0068C033 /* LaunchScreen.storyboard in Resources */,
				FCD14E7A22EF616A0068C033 /* Assets.xcassets in Resources */,
				FCD14E7822EF61670068C033 /* Main.storyboard in Resources */,
			);
			runOnlyForDeploymentPostprocessing = 0;
		};
/* End PBXResourcesBuildPhase section */

/* Begin PBXSourcesBuildPhase section */
		FCD14E6B22EF61670068C033 /* Sources */ = {
			isa = PBXSourcesBuildPhase;
			buildActionMask = 2147483647;
			files = (
				FCD14E8F22F1E2CE0068C033 /* Team.swift in Sources */,
				FCD14E8B22EFBC250068C033 /* PlayerTableViewController.swift in Sources */,
				FCD14E9222F3366A0068C033 /* PlayerDetailViewController.swift in Sources */,
				FCD14E8722EFA15C0068C033 /* Hierarchy.swift in Sources */,
				FCD14E8522EF8EAF0068C033 /* Player.swift in Sources */,
				FCD14E8922EFB9140068C033 /* PlayerFetcherController.swift in Sources */,
				FCD14E7322EF61670068C033 /* AppDelegate.swift in Sources */,
			);
			runOnlyForDeploymentPostprocessing = 0;
		};
/* End PBXSourcesBuildPhase section */

/* Begin PBXVariantGroup section */
		FCD14E7622EF61670068C033 /* Main.storyboard */ = {
			isa = PBXVariantGroup;
			children = (
				FCD14E7722EF61670068C033 /* Base */,
			);
			name = Main.storyboard;
			sourceTree = "<group>";
		};
		FCD14E7B22EF616A0068C033 /* LaunchScreen.storyboard */ = {
			isa = PBXVariantGroup;
			children = (
				FCD14E7C22EF616A0068C033 /* Base */,
			);
			name = LaunchScreen.storyboard;
			sourceTree = "<group>";
		};
/* End PBXVariantGroup section */

/* Begin XCBuildConfiguration section */
		FCD14E7F22EF616A0068C033 /* Debug */ = {
			isa = XCBuildConfiguration;
			buildSettings = {
				ALWAYS_SEARCH_USER_PATHS = NO;
				CLANG_ANALYZER_NONNULL = YES;
				CLANG_ANALYZER_NUMBER_OBJECT_CONVERSION = YES_AGGRESSIVE;
				CLANG_CXX_LANGUAGE_STANDARD = "gnu++14";
				CLANG_CXX_LIBRARY = "libc++";
				CLANG_ENABLE_MODULES = YES;
				CLANG_ENABLE_OBJC_ARC = YES;
				CLANG_ENABLE_OBJC_WEAK = YES;
				CLANG_WARN_BLOCK_CAPTURE_AUTORELEASING = YES;
				CLANG_WARN_BOOL_CONVERSION = YES;
				CLANG_WARN_COMMA = YES;
				CLANG_WARN_CONSTANT_CONVERSION = YES;
				CLANG_WARN_DEPRECATED_OBJC_IMPLEMENTATIONS = YES;
				CLANG_WARN_DIRECT_OBJC_ISA_USAGE = YES_ERROR;
				CLANG_WARN_DOCUMENTATION_COMMENTS = YES;
				CLANG_WARN_EMPTY_BODY = YES;
				CLANG_WARN_ENUM_CONVERSION = YES;
				CLANG_WARN_INFINITE_RECURSION = YES;
				CLANG_WARN_INT_CONVERSION = YES;
				CLANG_WARN_NON_LITERAL_NULL_CONVERSION = YES;
				CLANG_WARN_OBJC_IMPLICIT_RETAIN_SELF = YES;
				CLANG_WARN_OBJC_LITERAL_CONVERSION = YES;
				CLANG_WARN_OBJC_ROOT_CLASS = YES_ERROR;
				CLANG_WARN_RANGE_LOOP_ANALYSIS = YES;
				CLANG_WARN_STRICT_PROTOTYPES = YES;
				CLANG_WARN_SUSPICIOUS_MOVE = YES;
				CLANG_WARN_UNGUARDED_AVAILABILITY = YES_AGGRESSIVE;
				CLANG_WARN_UNREACHABLE_CODE = YES;
				CLANG_WARN__DUPLICATE_METHOD_MATCH = YES;
				CODE_SIGN_IDENTITY = "iPhone Developer";
				COPY_PHASE_STRIP = NO;
				DEBUG_INFORMATION_FORMAT = dwarf;
				ENABLE_STRICT_OBJC_MSGSEND = YES;
				ENABLE_TESTABILITY = YES;
				GCC_C_LANGUAGE_STANDARD = gnu11;
				GCC_DYNAMIC_NO_PIC = NO;
				GCC_NO_COMMON_BLOCKS = YES;
				GCC_OPTIMIZATION_LEVEL = 0;
				GCC_PREPROCESSOR_DEFINITIONS = (
					"DEBUG=1",
					"$(inherited)",
				);
				GCC_WARN_64_TO_32_BIT_CONVERSION = YES;
				GCC_WARN_ABOUT_RETURN_TYPE = YES_ERROR;
				GCC_WARN_UNDECLARED_SELECTOR = YES;
				GCC_WARN_UNINITIALIZED_AUTOS = YES_AGGRESSIVE;
				GCC_WARN_UNUSED_FUNCTION = YES;
				GCC_WARN_UNUSED_VARIABLE = YES;
				IPHONEOS_DEPLOYMENT_TARGET = 12.2;
				MTL_ENABLE_DEBUG_INFO = INCLUDE_SOURCE;
				MTL_FAST_MATH = YES;
				ONLY_ACTIVE_ARCH = YES;
				SDKROOT = iphoneos;
				SWIFT_ACTIVE_COMPILATION_CONDITIONS = DEBUG;
				SWIFT_OPTIMIZATION_LEVEL = "-Onone";
			};
			name = Debug;
		};
		FCD14E8022EF616A0068C033 /* Release */ = {
			isa = XCBuildConfiguration;
			buildSettings = {
				ALWAYS_SEARCH_USER_PATHS = NO;
				CLANG_ANALYZER_NONNULL = YES;
				CLANG_ANALYZER_NUMBER_OBJECT_CONVERSION = YES_AGGRESSIVE;
				CLANG_CXX_LANGUAGE_STANDARD = "gnu++14";
				CLANG_CXX_LIBRARY = "libc++";
				CLANG_ENABLE_MODULES = YES;
				CLANG_ENABLE_OBJC_ARC = YES;
				CLANG_ENABLE_OBJC_WEAK = YES;
				CLANG_WARN_BLOCK_CAPTURE_AUTORELEASING = YES;
				CLANG_WARN_BOOL_CONVERSION = YES;
				CLANG_WARN_COMMA = YES;
				CLANG_WARN_CONSTANT_CONVERSION = YES;
				CLANG_WARN_DEPRECATED_OBJC_IMPLEMENTATIONS = YES;
				CLANG_WARN_DIRECT_OBJC_ISA_USAGE = YES_ERROR;
				CLANG_WARN_DOCUMENTATION_COMMENTS = YES;
				CLANG_WARN_EMPTY_BODY = YES;
				CLANG_WARN_ENUM_CONVERSION = YES;
				CLANG_WARN_INFINITE_RECURSION = YES;
				CLANG_WARN_INT_CONVERSION = YES;
				CLANG_WARN_NON_LITERAL_NULL_CONVERSION = YES;
				CLANG_WARN_OBJC_IMPLICIT_RETAIN_SELF = YES;
				CLANG_WARN_OBJC_LITERAL_CONVERSION = YES;
				CLANG_WARN_OBJC_ROOT_CLASS = YES_ERROR;
				CLANG_WARN_RANGE_LOOP_ANALYSIS = YES;
				CLANG_WARN_STRICT_PROTOTYPES = YES;
				CLANG_WARN_SUSPICIOUS_MOVE = YES;
				CLANG_WARN_UNGUARDED_AVAILABILITY = YES_AGGRESSIVE;
				CLANG_WARN_UNREACHABLE_CODE = YES;
				CLANG_WARN__DUPLICATE_METHOD_MATCH = YES;
				CODE_SIGN_IDENTITY = "iPhone Developer";
				COPY_PHASE_STRIP = NO;
				DEBUG_INFORMATION_FORMAT = "dwarf-with-dsym";
				ENABLE_NS_ASSERTIONS = NO;
				ENABLE_STRICT_OBJC_MSGSEND = YES;
				GCC_C_LANGUAGE_STANDARD = gnu11;
				GCC_NO_COMMON_BLOCKS = YES;
				GCC_WARN_64_TO_32_BIT_CONVERSION = YES;
				GCC_WARN_ABOUT_RETURN_TYPE = YES_ERROR;
				GCC_WARN_UNDECLARED_SELECTOR = YES;
				GCC_WARN_UNINITIALIZED_AUTOS = YES_AGGRESSIVE;
				GCC_WARN_UNUSED_FUNCTION = YES;
				GCC_WARN_UNUSED_VARIABLE = YES;
				IPHONEOS_DEPLOYMENT_TARGET = 12.2;
				MTL_ENABLE_DEBUG_INFO = NO;
				MTL_FAST_MATH = YES;
				SDKROOT = iphoneos;
				SWIFT_COMPILATION_MODE = wholemodule;
				SWIFT_OPTIMIZATION_LEVEL = "-O";
				VALIDATE_PRODUCT = YES;
			};
			name = Release;
		};
		FCD14E8222EF616A0068C033 /* Debug */ = {
			isa = XCBuildConfiguration;
			buildSettings = {
				ASSETCATALOG_COMPILER_APPICON_NAME = AppIcon;
				CODE_SIGN_STYLE = Automatic;
				DEVELOPMENT_TEAM = ASMS2YJYR9;
				INFOPLIST_FILE = RoundBallUp/Info.plist;
				LD_RUNPATH_SEARCH_PATHS = (
					"$(inherited)",
					"@executable_path/Frameworks",
				);
				PRODUCT_BUNDLE_IDENTIFIER = com.johnpitts.RoundBallUp;
				PRODUCT_NAME = "$(TARGET_NAME)";
				SWIFT_VERSION = 5.0;
				TARGETED_DEVICE_FAMILY = "1,2";
			};
			name = Debug;
		};
		FCD14E8322EF616A0068C033 /* Release */ = {
			isa = XCBuildConfiguration;
			buildSettings = {
				ASSETCATALOG_COMPILER_APPICON_NAME = AppIcon;
				CODE_SIGN_STYLE = Automatic;
				DEVELOPMENT_TEAM = ASMS2YJYR9;
				INFOPLIST_FILE = RoundBallUp/Info.plist;
				LD_RUNPATH_SEARCH_PATHS = (
					"$(inherited)",
					"@executable_path/Frameworks",
				);
				PRODUCT_BUNDLE_IDENTIFIER = com.johnpitts.RoundBallUp;
				PRODUCT_NAME = "$(TARGET_NAME)";
				SWIFT_VERSION = 5.0;
				TARGETED_DEVICE_FAMILY = "1,2";
			};
			name = Release;
		};
/* End XCBuildConfiguration section */

/* Begin XCConfigurationList section */
		FCD14E6A22EF61670068C033 /* Build configuration list for PBXProject "RoundBallUp" */ = {
			isa = XCConfigurationList;
			buildConfigurations = (
				FCD14E7F22EF616A0068C033 /* Debug */,
				FCD14E8022EF616A0068C033 /* Release */,
			);
			defaultConfigurationIsVisible = 0;
			defaultConfigurationName = Release;
		};
		FCD14E8122EF616A0068C033 /* Build configuration list for PBXNativeTarget "RoundBallUp" */ = {
			isa = XCConfigurationList;
			buildConfigurations = (
				FCD14E8222EF616A0068C033 /* Debug */,
				FCD14E8322EF616A0068C033 /* Release */,
			);
			defaultConfigurationIsVisible = 0;
			defaultConfigurationName = Release;
		};
/* End XCConfigurationList section */
	};
	rootObject = FCD14E6722EF61670068C033 /* Project object */;
}
